{
  "name": "poc-pet-animation",
  "lockfileVersion": 2,
  "requires": true,
  "packages": {
    "": {
      "dependencies": {
        "react-responsive-spritesheet": "^2.3.9"
      }
    },
    "node_modules/react-responsive-spritesheet": {
      "version": "2.3.9",
      "resolved": "https://registry.npmjs.org/react-responsive-spritesheet/-/react-responsive-spritesheet-2.3.9.tgz",
      "integrity": "sha512-7x1co8f6mg01wy5a8KsRDGOQ6a1inxhakdc/z2gXVhOBgRPQznUipWdGYZXHw7ecI5kPdXC1uXvFIXmWip3vnA=="
    }
  },
  "dependencies": {
    "react-responsive-spritesheet": {
      "version": "2.3.9",
      "resolved": "https://registry.npmjs.org/react-responsive-spritesheet/-/react-responsive-spritesheet-2.3.9.tgz",
      "integrity": "sha512-7x1co8f6mg01wy5a8KsRDGOQ6a1inxhakdc/z2gXVhOBgRPQznUipWdGYZXHw7ecI5kPdXC1uXvFIXmWip3vnA=="
    }
  }
}
